// !$*UTF8*$!
{
	archiveVersion = 1;
	classes = {
	};
	objectVersion = 48;
	objects = {

/* Begin PBXBuildFile section */
		296C841F8215304099F8985A /* Pods_InstagramPlus.framework in Frameworks */ = {isa = PBXBuildFile; fileRef = 93E42C20AE7F8E51B76DA727 /* Pods_InstagramPlus.framework */; };
		C75A44E51FE347AC00970ADD /* AppDelegate.swift in Sources */ = {isa = PBXBuildFile; fileRef = C75A44E41FE347AC00970ADD /* AppDelegate.swift */; };
		C75A44EA1FE347AC00970ADD /* Main.storyboard in Resources */ = {isa = PBXBuildFile; fileRef = C75A44E81FE347AC00970ADD /* Main.storyboard */; };
		C75A44EC1FE347AC00970ADD /* Assets.xcassets in Resources */ = {isa = PBXBuildFile; fileRef = C75A44EB1FE347AC00970ADD /* Assets.xcassets */; };
		C75A44EF1FE347AC00970ADD /* LaunchScreen.storyboard in Resources */ = {isa = PBXBuildFile; fileRef = C75A44ED1FE347AC00970ADD /* LaunchScreen.storyboard */; };
		C75A44F71FE3597900970ADD /* LoginViewController.swift in Sources */ = {isa = PBXBuildFile; fileRef = C75A44F61FE3597900970ADD /* LoginViewController.swift */; };
		C75A44FA1FE35F6100970ADD /* HomeViewController.swift in Sources */ = {isa = PBXBuildFile; fileRef = C75A44F91FE35F6100970ADD /* HomeViewController.swift */; };
/* End PBXBuildFile section */

/* Begin PBXFileReference section */
		93E42C20AE7F8E51B76DA727 /* Pods_InstagramPlus.framework */ = {isa = PBXFileReference; explicitFileType = wrapper.framework; includeInIndex = 0; path = Pods_InstagramPlus.framework; sourceTree = BUILT_PRODUCTS_DIR; };
		A47E4952D4D35E2BBB2D0DA6 /* Pods-InstagramPlus.debug.xcconfig */ = {isa = PBXFileReference; includeInIndex = 1; lastKnownFileType = text.xcconfig; name = "Pods-InstagramPlus.debug.xcconfig"; path = "Pods/Target Support Files/Pods-InstagramPlus/Pods-InstagramPlus.debug.xcconfig"; sourceTree = "<group>"; };
		C75A44E11FE347AC00970ADD /* InstagramPlus.app */ = {isa = PBXFileReference; explicitFileType = wrapper.application; includeInIndex = 0; path = InstagramPlus.app; sourceTree = BUILT_PRODUCTS_DIR; };
		C75A44E41FE347AC00970ADD /* AppDelegate.swift */ = {isa = PBXFileReference; lastKnownFileType = sourcecode.swift; path = AppDelegate.swift; sourceTree = "<group>"; };
		C75A44E91FE347AC00970ADD /* Base */ = {isa = PBXFileReference; lastKnownFileType = file.storyboard; name = Base; path = Base.lproj/Main.storyboard; sourceTree = "<group>"; };
		C75A44EB1FE347AC00970ADD /* Assets.xcassets */ = {isa = PBXFileReference; lastKnownFileType = folder.assetcatalog; path = Assets.xcassets; sourceTree = "<group>"; };
		C75A44EE1FE347AC00970ADD /* Base */ = {isa = PBXFileReference; lastKnownFileType = file.storyboard; name = Base; path = Base.lproj/LaunchScreen.storyboard; sourceTree = "<group>"; };
		C75A44F01FE347AC00970ADD /* Info.plist */ = {isa = PBXFileReference; lastKnownFileType = text.plist.xml; path = Info.plist; sourceTree = "<group>"; };
		C75A44F61FE3597900970ADD /* LoginViewController.swift */ = {isa = PBXFileReference; lastKnownFileType = sourcecode.swift; path = LoginViewController.swift; sourceTree = "<group>"; };
		C75A44F91FE35F6100970ADD /* HomeViewController.swift */ = {isa = PBXFileReference; lastKnownFileType = sourcecode.swift; path = HomeViewController.swift; sourceTree = "<group>"; };
		F7805009A9E3F76D36B8A4A7 /* Pods-InstagramPlus.release.xcconfig */ = {isa = PBXFileReference; includeInIndex = 1; lastKnownFileType = text.xcconfig; name = "Pods-InstagramPlus.release.xcconfig"; path = "Pods/Target Support Files/Pods-InstagramPlus/Pods-InstagramPlus.release.xcconfig"; sourceTree = "<group>"; };
/* End PBXFileReference section */

/* Begin PBXFrameworksBuildPhase section */
		C75A44DE1FE347AC00970ADD /* Frameworks */ = {
			isa = PBXFrameworksBuildPhase;
			buildActionMask = 2147483647;
			files = (
				296C841F8215304099F8985A /* Pods_InstagramPlus.framework in Frameworks */,
			);
			runOnlyForDeploymentPostprocessing = 0;
		};
/* End PBXFrameworksBuildPhase section */

/* Begin PBXGroup section */
		38D48A74E0A16AC4A23D15B0 /* Frameworks */ = {
			isa = PBXGroup;
			children = (
				93E42C20AE7F8E51B76DA727 /* Pods_InstagramPlus.framework */,
			);
			name = Frameworks;
			sourceTree = "<group>";
		};
		98B13F0C5E96A7C97075A8F5 /* Pods */ = {
			isa = PBXGroup;
			children = (
				A47E4952D4D35E2BBB2D0DA6 /* Pods-InstagramPlus.debug.xcconfig */,
				F7805009A9E3F76D36B8A4A7 /* Pods-InstagramPlus.release.xcconfig */,
			);
			name = Pods;
			sourceTree = "<group>";
		};
		C75A44D81FE347AC00970ADD = {
			isa = PBXGroup;
			children = (
				C75A44E31FE347AC00970ADD /* InstagramPlus */,
				C75A44E21FE347AC00970ADD /* Products */,
				98B13F0C5E96A7C97075A8F5 /* Pods */,
				38D48A74E0A16AC4A23D15B0 /* Frameworks */,
			);
			sourceTree = "<group>";
		};
		C75A44E21FE347AC00970ADD /* Products */ = {
			isa = PBXGroup;
			children = (
				C75A44E11FE347AC00970ADD /* InstagramPlus.app */,
			);
			name = Products;
			sourceTree = "<group>";
		};
		C75A44E31FE347AC00970ADD /* InstagramPlus */ = {
			isa = PBXGroup;
			children = (
				C75A44F81FE3598E00970ADD /* Controllers */,
				C75A44E41FE347AC00970ADD /* AppDelegate.swift */,
				C75A44E81FE347AC00970ADD /* Main.storyboard */,
				C75A44EB1FE347AC00970ADD /* Assets.xcassets */,
				C75A44ED1FE347AC00970ADD /* LaunchScreen.storyboard */,
				C75A44F01FE347AC00970ADD /* Info.plist */,
			);
			path = InstagramPlus;
			sourceTree = "<group>";
		};
		C75A44F81FE3598E00970ADD /* Controllers */ = {
			isa = PBXGroup;
			children = (
				C75A44F61FE3597900970ADD /* LoginViewController.swift */,
				C75A44F91FE35F6100970ADD /* HomeViewController.swift */,
			);
			path = Controllers;
			sourceTree = "<group>";
		};
/* End PBXGroup section */

/* Begin PBXNativeTarget section */
		C75A44E01FE347AC00970ADD /* InstagramPlus */ = {
			isa = PBXNativeTarget;
			buildConfigurationList = C75A44F31FE347AC00970ADD /* Build configuration list for PBXNativeTarget "InstagramPlus" */;
			buildPhases = (
				18E32FC31FAAD08325D55BA7 /* [CP] Check Pods Manifest.lock */,
				C75A44DD1FE347AC00970ADD /* Sources */,
				C75A44DE1FE347AC00970ADD /* Frameworks */,
				C75A44DF1FE347AC00970ADD /* Resources */,
				CD4849148A8A12392E6F6610 /* [CP] Embed Pods Frameworks */,
				63F546D05F8F950EFCDA9897 /* [CP] Copy Pods Resources */,
			);
			buildRules = (
			);
			dependencies = (
			);
			name = InstagramPlus;
			productName = InstagramPlus;
			productReference = C75A44E11FE347AC00970ADD /* InstagramPlus.app */;
			productType = "com.apple.product-type.application";
		};
/* End PBXNativeTarget section */

/* Begin PBXProject section */
		C75A44D91FE347AC00970ADD /* Project object */ = {
			isa = PBXProject;
			attributes = {
				LastSwiftUpdateCheck = 0900;
				LastUpgradeCheck = 0900;
				ORGANIZATIONNAME = seannam;
				TargetAttributes = {
					C75A44E01FE347AC00970ADD = {
						CreatedOnToolsVersion = 9.0.1;
						ProvisioningStyle = Automatic;
					};
				};
			};
			buildConfigurationList = C75A44DC1FE347AC00970ADD /* Build configuration list for PBXProject "InstagramPlus" */;
			compatibilityVersion = "Xcode 8.0";
			developmentRegion = en;
			hasScannedForEncodings = 0;
			knownRegions = (
				en,
				Base,
			);
			mainGroup = C75A44D81FE347AC00970ADD;
			productRefGroup = C75A44E21FE347AC00970ADD /* Products */;
			projectDirPath = "";
			projectRoot = "";
			targets = (
				C75A44E01FE347AC00970ADD /* InstagramPlus */,
			);
		};
/* End PBXProject section */

/* Begin PBXResourcesBuildPhase section */
		C75A44DF1FE347AC00970ADD /* Resources */ = {
			isa = PBXResourcesBuildPhase;
			buildActionMask = 2147483647;
			files = (
				C75A44EF1FE347AC00970ADD /* LaunchScreen.storyboard in Resources */,
				C75A44EC1FE347AC00970ADD /* Assets.xcassets in Resources */,
				C75A44EA1FE347AC00970ADD /* Main.storyboard in Resources */,
			);
			runOnlyForDeploymentPostprocessing = 0;
		};
/* End PBXResourcesBuildPhase section */

/* Begin PBXShellScriptBuildPhase section */
		18E32FC31FAAD08325D55BA7 /* [CP] Check Pods Manifest.lock */ = {
			isa = PBXShellScriptBuildPhase;
			buildActionMask = 2147483647;
			files = (
			);
			inputPaths = (
				"${PODS_PODFILE_DIR_PATH}/Podfile.lock",
				"${PODS_ROOT}/Manifest.lock",
			);
			name = "[CP] Check Pods Manifest.lock";
			outputPaths = (
				"$(DERIVED_FILE_DIR)/Pods-InstagramPlus-checkManifestLockResult.txt",
			);
			runOnlyForDeploymentPostprocessing = 0;
			shellPath = /bin/sh;
			shellScript = "diff \"${PODS_PODFILE_DIR_PATH}/Podfile.lock\" \"${PODS_ROOT}/Manifest.lock\" > /dev/null\nif [ $? != 0 ] ; then\n    # print error to STDERR\n    echo \"error: The sandbox is not in sync with the Podfile.lock. Run 'pod install' or update your CocoaPods installation.\" >&2\n    exit 1\nfi\n# This output is used by Xcode 'outputs' to avoid re-running this script phase.\necho \"SUCCESS\" > \"${SCRIPT_OUTPUT_FILE_0}\"\n";
			showEnvVarsInLog = 0;
		};
		63F546D05F8F950EFCDA9897 /* [CP] Copy Pods Resources */ = {
			isa = PBXShellScriptBuildPhase;
			buildActionMask = 2147483647;
			files = (
			);
			inputPaths = (
			);
			name = "[CP] Copy Pods Resources";
			outputPaths = (
			);
			runOnlyForDeploymentPostprocessing = 0;
			shellPath = /bin/sh;
			shellScript = "\"${SRCROOT}/Pods/Target Support Files/Pods-InstagramPlus/Pods-InstagramPlus-resources.sh\"\n";
			showEnvVarsInLog = 0;
		};
		CD4849148A8A12392E6F6610 /* [CP] Embed Pods Frameworks */ = {
			isa = PBXShellScriptBuildPhase;
			buildActionMask = 2147483647;
			files = (
			);
			inputPaths = (
				"${SRCROOT}/Pods/Target Support Files/Pods-InstagramPlus/Pods-InstagramPlus-frameworks.sh",
				"${BUILT_PRODUCTS_DIR}/Bolts/Bolts.framework",
				"${BUILT_PRODUCTS_DIR}/Parse/Parse.framework",
			);
			name = "[CP] Embed Pods Frameworks";
			outputPaths = (
				"${TARGET_BUILD_DIR}/${FRAMEWORKS_FOLDER_PATH}/Bolts.framework",
				"${TARGET_BUILD_DIR}/${FRAMEWORKS_FOLDER_PATH}/Parse.framework",
			);
			runOnlyForDeploymentPostprocessing = 0;
			shellPath = /bin/sh;
			shellScript = "\"${SRCROOT}/Pods/Target Support Files/Pods-InstagramPlus/Pods-InstagramPlus-frameworks.sh\"\n";
			showEnvVarsInLog = 0;
		};
/* End PBXShellScriptBuildPhase section */

/* Begin PBXSourcesBuildPhase section */
		C75A44DD1FE347AC00970ADD /* Sources */ = {
			isa = PBXSourcesBuildPhase;
			buildActionMask = 2147483647;
			files = (
				C75A44F71FE3597900970ADD /* LoginViewController.swift in Sources */,
				C75A44E51FE347AC00970ADD /* AppDelegate.swift in Sources */,
				C75A44FA1FE35F6100970ADD /* HomeViewController.swift in Sources */,
			);
			runOnlyForDeploymentPostprocessing = 0;
		};
/* End PBXSourcesBuildPhase section */

/* Begin PBXVariantGroup section */
		C75A44E81FE347AC00970ADD /* Main.storyboard */ = {
			isa = PBXVariantGroup;
			children = (
				C75A44E91FE347AC00970ADD /* Base */,
			);
			name = Main.storyboard;
			sourceTree = "<group>";
		};
		C75A44ED1FE347AC00970ADD /* LaunchScreen.storyboard */ = {
			isa = PBXVariantGroup;
			children = (
				C75A44EE1FE347AC00970ADD /* Base */,
			);
			name = LaunchScreen.storyboard;
			sourceTree = "<group>";
		};
/* End PBXVariantGroup section */

/* Begin XCBuildConfiguration section */
		C75A44F11FE347AC00970ADD /* Debug */ = {
			isa = XCBuildConfiguration;
			buildSettings = {
				ALWAYS_SEARCH_USER_PATHS = NO;
				CLANG_ANALYZER_NONNULL = YES;
				CLANG_ANALYZER_NUMBER_OBJECT_CONVERSION = YES_AGGRESSIVE;
				CLANG_CXX_LANGUAGE_STANDARD = "gnu++14";
				CLANG_CXX_LIBRARY = "libc++";
				CLANG_ENABLE_MODULES = YES;
				CLANG_ENABLE_OBJC_ARC = YES;
				CLANG_WARN_BLOCK_CAPTURE_AUTORELEASING = YES;
				CLANG_WARN_BOOL_CONVERSION = YES;
				CLANG_WARN_COMMA = YES;
				CLANG_WARN_CONSTANT_CONVERSION = YES;
				CLANG_WARN_DIRECT_OBJC_ISA_USAGE = YES_ERROR;
				CLANG_WARN_DOCUMENTATION_COMMENTS = YES;
				CLANG_WARN_EMPTY_BODY = YES;
				CLANG_WARN_ENUM_CONVERSION = YES;
				CLANG_WARN_INFINITE_RECURSION = YES;
				CLANG_WARN_INT_CONVERSION = YES;
				CLANG_WARN_NON_LITERAL_NULL_CONVERSION = YES;
				CLANG_WARN_OBJC_LITERAL_CONVERSION = YES;
				CLANG_WARN_OBJC_ROOT_CLASS = YES_ERROR;
				CLANG_WARN_RANGE_LOOP_ANALYSIS = YES;
				CLANG_WARN_STRICT_PROTOTYPES = YES;
				CLANG_WARN_SUSPICIOUS_MOVE = YES;
				CLANG_WARN_UNGUARDED_AVAILABILITY = YES_AGGRESSIVE;
				CLANG_WARN_UNREACHABLE_CODE = YES;
				CLANG_WARN__DUPLICATE_METHOD_MATCH = YES;
				CODE_SIGN_IDENTITY = "iPhone Developer";
				COPY_PHASE_STRIP = NO;
				DEBUG_INFORMATION_FORMAT = dwarf;
				ENABLE_STRICT_OBJC_MSGSEND = YES;
				ENABLE_TESTABILITY = YES;
				GCC_C_LANGUAGE_STANDARD = gnu11;
				GCC_DYNAMIC_NO_PIC = NO;
				GCC_NO_COMMON_BLOCKS = YES;
				GCC_OPTIMIZATION_LEVEL = 0;
				GCC_PREPROCESSOR_DEFINITIONS = (
					"DEBUG=1",
					"$(inherited)",
				);
				GCC_WARN_64_TO_32_BIT_CONVERSION = YES;
				GCC_WARN_ABOUT_RETURN_TYPE = YES_ERROR;
				GCC_WARN_UNDECLARED_SELECTOR = YES;
				GCC_WARN_UNINITIALIZED_AUTOS = YES_AGGRESSIVE;
				GCC_WARN_UNUSED_FUNCTION = YES;
				GCC_WARN_UNUSED_VARIABLE = YES;
				IPHONEOS_DEPLOYMENT_TARGET = 11.0;
				MTL_ENABLE_DEBUG_INFO = YES;
				ONLY_ACTIVE_ARCH = YES;
				SDKROOT = iphoneos;
				SWIFT_ACTIVE_COMPILATION_CONDITIONS = DEBUG;
				SWIFT_OPTIMIZATION_LEVEL = "-Onone";
			};
			name = Debug;
		};
		C75A44F21FE347AC00970ADD /* Release */ = {
			isa = XCBuildConfiguration;
			buildSettings = {
				ALWAYS_SEARCH_USER_PATHS = NO;
				CLANG_ANALYZER_NONNULL = YES;
				CLANG_ANALYZER_NUMBER_OBJECT_CONVERSION = YES_AGGRESSIVE;
				CLANG_CXX_LANGUAGE_STANDARD = "gnu++14";
				CLANG_CXX_LIBRARY = "libc++";
				CLANG_ENABLE_MODULES = YES;
				CLANG_ENABLE_OBJC_ARC = YES;
				CLANG_WARN_BLOCK_CAPTURE_AUTORELEASING = YES;
				CLANG_WARN_BOOL_CONVERSION = YES;
				CLANG_WARN_COMMA = YES;
				CLANG_WARN_CONSTANT_CONVERSION = YES;
				CLANG_WARN_DIRECT_OBJC_ISA_USAGE = YES_ERROR;
				CLANG_WARN_DOCUMENTATION_COMMENTS = YES;
				CLANG_WARN_EMPTY_BODY = YES;
				CLANG_WARN_ENUM_CONVERSION = YES;
				CLANG_WARN_INFINITE_RECURSION = YES;
				CLANG_WARN_INT_CONVERSION = YES;
				CLANG_WARN_NON_LITERAL_NULL_CONVERSION = YES;
				CLANG_WARN_OBJC_LITERAL_CONVERSION = YES;
				CLANG_WARN_OBJC_ROOT_CLASS = YES_ERROR;
				CLANG_WARN_RANGE_LOOP_ANALYSIS = YES;
				CLANG_WARN_STRICT_PROTOTYPES = YES;
				CLANG_WARN_SUSPICIOUS_MOVE = YES;
				CLANG_WARN_UNGUARDED_AVAILABILITY = YES_AGGRESSIVE;
				CLANG_WARN_UNREACHABLE_CODE = YES;
				CLANG_WARN__DUPLICATE_METHOD_MATCH = YES;
				CODE_SIGN_IDENTITY = "iPhone Developer";
				COPY_PHASE_STRIP = NO;
				DEBUG_INFORMATION_FORMAT = "dwarf-with-dsym";
				ENABLE_NS_ASSERTIONS = NO;
				ENABLE_STRICT_OBJC_MSGSEND = YES;
				GCC_C_LANGUAGE_STANDARD = gnu11;
				GCC_NO_COMMON_BLOCKS = YES;
				GCC_WARN_64_TO_32_BIT_CONVERSION = YES;
				GCC_WARN_ABOUT_RETURN_TYPE = YES_ERROR;
				GCC_WARN_UNDECLARED_SELECTOR = YES;
				GCC_WARN_UNINITIALIZED_AUTOS = YES_AGGRESSIVE;
				GCC_WARN_UNUSED_FUNCTION = YES;
				GCC_WARN_UNUSED_VARIABLE = YES;
				IPHONEOS_DEPLOYMENT_TARGET = 11.0;
				MTL_ENABLE_DEBUG_INFO = NO;
				SDKROOT = iphoneos;
				SWIFT_OPTIMIZATION_LEVEL = "-Owholemodule";
				VALIDATE_PRODUCT = YES;
			};
			name = Release;
		};
		C75A44F41FE347AC00970ADD /* Debug */ = {
			isa = XCBuildConfiguration;
			baseConfigurationReference = A47E4952D4D35E2BBB2D0DA6 /* Pods-InstagramPlus.debug.xcconfig */;
			buildSettings = {
				ASSETCATALOG_COMPILER_APPICON_NAME = AppIcon;
				CODE_SIGN_STYLE = Automatic;
				DEVELOPMENT_TEAM = S5484LL42G;
				INFOPLIST_FILE = InstagramPlus/Info.plist;
				LD_RUNPATH_SEARCH_PATHS = "$(inherited) @executable_path/Frameworks";
				PRODUCT_BUNDLE_IDENTIFIER = com.seannam.InstagramPlus;
				PRODUCT_NAME = "$(TARGET_NAME)";
				SWIFT_VERSION = 4.0;
				TARGETED_DEVICE_FAMILY = "1,2";
			};
			name = Debug;
		};
		C75A44F51FE347AC00970ADD /* Release */ = {
			isa = XCBuildConfiguration;
			baseConfigurationReference = F7805009A9E3F76D36B8A4A7 /* Pods-InstagramPlus.release.xcconfig */;
			buildSettings = {
				ASSETCATALOG_COMPILER_APPICON_NAME = AppIcon;
				CODE_SIGN_STYLE = Automatic;
				DEVELOPMENT_TEAM = S5484LL42G;
				INFOPLIST_FILE = InstagramPlus/Info.plist;
				LD_RUNPATH_SEARCH_PATHS = "$(inherited) @executable_path/Frameworks";
				PRODUCT_BUNDLE_IDENTIFIER = com.seannam.InstagramPlus;
				PRODUCT_NAME = "$(TARGET_NAME)";
				SWIFT_VERSION = 4.0;
				TARGETED_DEVICE_FAMILY = "1,2";
			};
			name = Release;
		};
/* End XCBuildConfiguration section */

/* Begin XCConfigurationList section */
		C75A44DC1FE347AC00970ADD /* Build configuration list for PBXProject "InstagramPlus" */ = {
			isa = XCConfigurationList;
			buildConfigurations = (
				C75A44F11FE347AC00970ADD /* Debug */,
				C75A44F21FE347AC00970ADD /* Release */,
			);
			defaultConfigurationIsVisible = 0;
			defaultConfigurationName = Release;
		};
		C75A44F31FE347AC00970ADD /* Build configuration list for PBXNativeTarget "InstagramPlus" */ = {
			isa = XCConfigurationList;
			buildConfigurations = (
				C75A44F41FE347AC00970ADD /* Debug */,
				C75A44F51FE347AC00970ADD /* Release */,
			);
			defaultConfigurationIsVisible = 0;
			defaultConfigurationName = Release;
		};
/* End XCConfigurationList section */
	};
	rootObject = C75A44D91FE347AC00970ADD /* Project object */;
}
